
Microsoft Visual Studio Solution File, Format Version 12.00
# Visual Studio Version 17
VisualStudioVersion = 17.12.35527.113 d17.12
MinimumVisualStudioVersion = 10.0.40219.1
Project("{FAE04EC0-301F-11D3-BF4B-00C04F79EFBC}") = "FinalProjectMvc", "FinalProjectMvc\FinalProjectMvc.csproj", "{8786AF5B-F1C2-4FAE-8346-4B0A20023DF4}"
EndProject
Global
	GlobalSection(SolutionConfigurationPlatforms) = preSolution
		Debug|Any CPU = Debug|Any CPU
		Release|Any CPU = Release|Any CPU
	EndGlobalSection
	GlobalSection(ProjectConfigurationPlatforms) = postSolution
		{8786AF5B-F1C2-4FAE-8346-4B0A20023DF4}.Debug|Any CPU.ActiveCfg = Debug|Any CPU
		{8786AF5B-F1C2-4FAE-8346-4B0A20023DF4}.Debug|Any CPU.Build.0 = Debug|Any CPU
		{8786AF5B-F1C2-4FAE-8346-4B0A20023DF4}.Release|Any CPU.ActiveCfg = Release|Any CPU
		{8786AF5B-F1C2-4FAE-8346-4B0A20023DF4}.Release|Any CPU.Build.0 = Release|Any CPU
	EndGlobalSection
	GlobalSection(SolutionProperties) = preSolution
		HideSolutionNode = FALSE
	EndGlobalSection
EndGlobal
